
Microsoft Visual Studio Solution File, Format Version 12.00
# Visual Studio Version 16
VisualStudioVersion = 16.0.30804.86
MinimumVisualStudioVersion = 10.0.40219.1
Project("{FAE04EC0-301F-11D3-BF4B-00C04F79EFBC}") = "Set01", "Set01\Set01.csproj", "{A32F129C-D999-4A6A-8686-A1523BB37699}"
EndProject
Global
	GlobalSection(SolutionConfigurationPlatforms) = preSolution
		Debug|Any CPU = Debug|Any CPU
		Release|Any CPU = Release|Any CPU
	EndGlobalSection
	GlobalSection(ProjectConfigurationPlatforms) = postSolution
		{A32F129C-D999-4A6A-8686-A1523BB37699}.Debug|Any CPU.ActiveCfg = Debug|Any CPU
		{A32F129C-D999-4A6A-8686-A1523BB37699}.Debug|Any CPU.Build.0 = Debug|Any CPU
		{A32F129C-D999-4A6A-8686-A1523BB37699}.Release|Any CPU.ActiveCfg = Release|Any CPU
		{A32F129C-D999-4A6A-8686-A1523BB37699}.Release|Any CPU.Build.0 = Release|Any CPU
	EndGlobalSection
	GlobalSection(SolutionProperties) = preSolution
		HideSolutionNode = FALSE
	EndGlobalSection
	GlobalSection(ExtensibilityGlobals) = postSolution
		SolutionGuid = {F6CB0D73-2933-4BD1-9DD6-BBFAB95E8F2E}
	EndGlobalSection
EndGlobal
